# THIS IS AN AUTOGENERATED FILE. DO NOT EDIT THIS FILE DIRECTLY.
# yarn lockfile v1
bootstrap@3.3.6:
  version ""
  resolved "https://github.com/twbs/bootstrap.git#81df608a40bf0629a1dc08e584849bb1e43e0b7a"
  registry bower
  dependencies:
    jquery "1.9.1 - 2"

jquery-validation-unobtrusive@3.2.6:
  version "3.2.6"
  resolved "https://github.com/aspnet/jquery-validation-unobtrusive.git#47e82bc6cb86a05247f8c3846192228038572783"
  registry bower
  dependencies:
    jquery ">=1.8"
    jquery-validation ">=1.8"

jquery-validation@>=1.8:
  version "1.15.1"
  resolved "https://github.com/jzaefferer/jquery-validation.git#b88e234662b3050fc69b1723a87b6c1645c870bc"
  registry bower
  dependencies:
    jquery ">= 1.7.2"

jquery-validation@1.15.0:
  version "1.15.0"
  resolved "https://github.com/jzaefferer/jquery-validation.git#1621cadc940900a4a7809fe29f2b568328be4340"
  registry bower
  dependencies:
    jquery ">= 1.7.2"

"jquery@>= 1.7.2", jquery@>=1.8:
  version ""
  resolved "https://github.com/jquery/jquery-dist.git#1b30f3ad466ebf2714d47eda34dbd7fdf6849fe3"
  registry bower

"jquery@1.9.1 - 2":
  version ""
  resolved "https://github.com/jquery/jquery-dist.git#c0185ab7c75aab88762c5aae780b9d83b80eda72"
  registry bower

jquery@2.2.3:
  version ""
  resolved "https://github.com/jquery/jquery-dist.git#af22a351b2ea5801ffb1695abb3bb34d5bed9198"
  registry bower

